# This file is automatically @generated by Cargo.
# It is not intended for manual editing.
version = 3

[[package]]
name = "aho-corasick"
version = "0.7.18"
source = "registry+https://github.com/rust-lang/crates.io-index"
checksum = "1e37cfd5e7657ada45f742d6e99ca5788580b5c529dc78faf11ece6dc702656f"
dependencies = [
 "memchr",
]

[[package]]
name = "autocfg"
version = "1.1.0"
source = "registry+https://github.com/rust-lang/crates.io-index"
checksum = "d468802bab17cbc0cc575e9b053f41e72aa36bfa6b7f55e3529ffa43161b97fa"

[[package]]
name = "bumpalo"
version = "3.9.1"
source = "registry+https://github.com/rust-lang/crates.io-index"
checksum = "a4a45a46ab1f2412e53d3a0ade76ffad2025804294569aae387231a0cd6e0899"

[[package]]
name = "cfg-if"
version = "1.0.0"
source = "registry+https://github.com/rust-lang/crates.io-index"
checksum = "baf1de4339761588bc0619e3cbc0120ee582ebb74b53b4efbf79117bd2da40fd"

[[package]]
name = "crossbeam-channel"
version = "0.5.4"
source = "registry+https://github.com/rust-lang/crates.io-index"
checksum = "5aaa7bd5fb665c6864b5f963dd9097905c54125909c7aa94c9e18507cdbe6c53"
dependencies = [
 "cfg-if",
 "crossbeam-utils",
]

[[package]]
name = "crossbeam-deque"
version = "0.8.1"
source = "registry+https://github.com/rust-lang/crates.io-index"
checksum = "6455c0ca19f0d2fbf751b908d5c55c1f5cbc65e03c4225427254b46890bdde1e"
dependencies = [
 "cfg-if",
 "crossbeam-epoch",
 "crossbeam-utils",
]

[[package]]
name = "crossbeam-epoch"
version = "0.9.8"
source = "registry+https://github.com/rust-lang/crates.io-index"
checksum = "1145cf131a2c6ba0615079ab6a638f7e1973ac9c2634fcbeaaad6114246efe8c"
dependencies = [
 "autocfg",
 "cfg-if",
 "crossbeam-utils",
 "lazy_static",
 "memoffset",
 "scopeguard",
]

[[package]]
name = "crossbeam-utils"
version = "0.8.8"
source = "registry+https://github.com/rust-lang/crates.io-index"
checksum = "0bf124c720b7686e3c2663cf54062ab0f68a88af2fb6a030e87e30bf721fcb38"
dependencies = [
 "cfg-if",
 "lazy_static",
]

[[package]]
name = "either"
version = "1.6.1"
source = "registry+https://github.com/rust-lang/crates.io-index"
checksum = "e78d4f1cc4ae33bbfc157ed5d5a5ef3bc29227303d595861deb238fcec4e9457"

[[package]]
name = "hermit-abi"
version = "0.1.19"
source = "registry+https://github.com/rust-lang/crates.io-index"
checksum = "62b467343b94ba476dcb2500d242dadbb39557df889310ac77c5d99100aaac33"
dependencies = [
 "libc",
]

[[package]]
name = "holdem-hand-evaluator"
version = "0.1.0"
source = "git+https://github.com/b-inary/holdem-hand-evaluator#0931fbb8a93a791faa688c4e2f253c8064e022cf"
dependencies = [
 "holdem-hand-evaluator-assets",
]

[[package]]
name = "holdem-hand-evaluator-assets"
version = "0.1.0"
source = "git+https://github.com/b-inary/holdem-hand-evaluator#0931fbb8a93a791faa688c4e2f253c8064e022cf"

[[package]]
name = "js-sys"
version = "0.3.56"
source = "registry+https://github.com/rust-lang/crates.io-index"
checksum = "a38fc24e30fd564ce974c02bf1d337caddff65be6cc4735a1f7eab22a7440f04"
dependencies = [
 "wasm-bindgen",
]

[[package]]
name = "lazy_static"
version = "1.4.0"
source = "registry+https://github.com/rust-lang/crates.io-index"
checksum = "e2abad23fbc42b3700f2f279844dc832adb2b2eb069b2df918f455c4e18cc646"

[[package]]
name = "libc"
version = "0.2.121"
source = "registry+https://github.com/rust-lang/crates.io-index"
checksum = "efaa7b300f3b5fe8eb6bf21ce3895e1751d9665086af2d64b42f19701015ff4f"

[[package]]
name = "log"
version = "0.4.16"
source = "registry+https://github.com/rust-lang/crates.io-index"
checksum = "6389c490849ff5bc16be905ae24bc913a9c8892e19b2341dbc175e14c341c2b8"
dependencies = [
 "cfg-if",
]

[[package]]
name = "memchr"
version = "2.4.1"
source = "registry+https://github.com/rust-lang/crates.io-index"
checksum = "308cc39be01b73d0d18f82a0e7b2a3df85245f84af96fdddc5d202d27e47b86a"

[[package]]
name = "memoffset"
version = "0.6.5"
source = "registry+https://github.com/rust-lang/crates.io-index"
checksum = "5aa361d4faea93603064a027415f07bd8e1d5c88c9fbf68bf56a285428fd79ce"
dependencies = [
 "autocfg",
]

[[package]]
name = "num-traits"
version = "0.2.14"
source = "registry+https://github.com/rust-lang/crates.io-index"
checksum = "9a64b1ec5cda2586e284722486d802acf1f7dbdc623e2bfc57e65ca1cd099290"
dependencies = [
 "autocfg",
]

[[package]]
name = "num_cpus"
version = "1.13.1"
source = "registry+https://github.com/rust-lang/crates.io-index"
checksum = "19e64526ebdee182341572e50e9ad03965aa510cd94427a4549448f285e957a1"
dependencies = [
 "hermit-abi",
 "libc",
]

[[package]]
name = "once_cell"
version = "1.10.0"
source = "registry+https://github.com/rust-lang/crates.io-index"
checksum = "87f3e037eac156d1775da914196f0f37741a274155e34a0b7e427c35d2a2ecb9"

[[package]]
name = "postflop-solver"
version = "0.1.0"
source = "git+https://github.com/b-inary/postflop-solver#4aaf4f7692a63d5d5aaace7a340237ef66c14625"
dependencies = [
 "holdem-hand-evaluator",
 "num-traits",
 "once_cell",
 "rayon",
 "regex",
]

[[package]]
name = "proc-macro2"
version = "1.0.36"
source = "registry+https://github.com/rust-lang/crates.io-index"
checksum = "c7342d5883fbccae1cc37a2353b09c87c9b0f3afd73f5fb9bba687a1f733b029"
dependencies = [
 "unicode-xid",
]

[[package]]
name = "quote"
version = "1.0.16"
source = "registry+https://github.com/rust-lang/crates.io-index"
checksum = "b4af2ec4714533fcdf07e886f17025ace8b997b9ce51204ee69b6da831c3da57"
dependencies = [
 "proc-macro2",
]

[[package]]
name = "rayon"
version = "1.5.1"
source = "registry+https://github.com/rust-lang/crates.io-index"
checksum = "c06aca804d41dbc8ba42dfd964f0d01334eceb64314b9ecf7c5fad5188a06d90"
dependencies = [
 "autocfg",
 "crossbeam-deque",
 "either",
 "rayon-core",
]

[[package]]
name = "rayon-core"
version = "1.9.1"
source = "registry+https://github.com/rust-lang/crates.io-index"
checksum = "d78120e2c850279833f1dd3582f730c4ab53ed95aeaaaa862a2a5c71b1656d8e"
dependencies = [
 "crossbeam-channel",
 "crossbeam-deque",
 "crossbeam-utils",
 "lazy_static",
 "num_cpus",
]

[[package]]
name = "regex"
version = "1.5.5"
source = "registry+https://github.com/rust-lang/crates.io-index"
checksum = "1a11647b6b25ff05a515cb92c365cec08801e83423a235b51e231e1808747286"
dependencies = [
 "aho-corasick",
 "memchr",
 "regex-syntax",
]

[[package]]
name = "regex-syntax"
version = "0.6.25"
source = "registry+https://github.com/rust-lang/crates.io-index"
checksum = "f497285884f3fcff424ffc933e56d7cbca511def0c9831a7f9b5f6153e3cc89b"

[[package]]
name = "scopeguard"
version = "1.1.0"
source = "registry+https://github.com/rust-lang/crates.io-index"
checksum = "d29ab0c6d3fc0ee92fe66e2d99f700eab17a8d57d1c1d3b748380fb20baa78cd"

[[package]]
name = "spmc"
version = "0.3.0"
source = "registry+https://github.com/rust-lang/crates.io-index"
checksum = "02a8428da277a8e3a15271d79943e80ccc2ef254e78813a166a08d65e4c3ece5"

[[package]]
name = "syn"
version = "1.0.89"
source = "registry+https://github.com/rust-lang/crates.io-index"
checksum = "ea297be220d52398dcc07ce15a209fce436d361735ac1db700cab3b6cdfb9f54"
dependencies = [
 "proc-macro2",
 "quote",
 "unicode-xid",
]

[[package]]
name = "unicode-xid"
version = "0.2.2"
source = "registry+https://github.com/rust-lang/crates.io-index"
checksum = "8ccb82d61f80a663efe1f787a51b16b5a51e3314d6ac365b08639f52387b33f3"

[[package]]
name = "wasm-bindgen"
version = "0.2.79"
source = "registry+https://github.com/rust-lang/crates.io-index"
checksum = "25f1af7423d8588a3d840681122e72e6a24ddbcb3f0ec385cac0d12d24256c06"
dependencies = [
 "cfg-if",
 "wasm-bindgen-macro",
]

[[package]]
name = "wasm-bindgen-backend"
version = "0.2.79"
source = "registry+https://github.com/rust-lang/crates.io-index"
checksum = "8b21c0df030f5a177f3cba22e9bc4322695ec43e7257d865302900290bcdedca"
dependencies = [
 "bumpalo",
 "lazy_static",
 "log",
 "proc-macro2",
 "quote",
 "syn",
 "wasm-bindgen-shared",
]

[[package]]
name = "wasm-bindgen-macro"
version = "0.2.79"
source = "registry+https://github.com/rust-lang/crates.io-index"
checksum = "2f4203d69e40a52ee523b2529a773d5ffc1dc0071801c87b3d270b471b80ed01"
dependencies = [
 "quote",
 "wasm-bindgen-macro-support",
]

[[package]]
name = "wasm-bindgen-macro-support"
version = "0.2.79"
source = "registry+https://github.com/rust-lang/crates.io-index"
checksum = "bfa8a30d46208db204854cadbb5d4baf5fcf8071ba5bf48190c3e59937962ebc"
dependencies = [
 "proc-macro2",
 "quote",
 "syn",
 "wasm-bindgen-backend",
 "wasm-bindgen-shared",
]

[[package]]
name = "wasm-bindgen-rayon"
version = "1.0.3"
source = "registry+https://github.com/rust-lang/crates.io-index"
checksum = "df87c67450805c305d3ae44a3ac537b0253d029153c25afc3ecd2edc36ccafb1"
dependencies = [
 "js-sys",
 "rayon",
 "spmc",
 "wasm-bindgen",
]

[[package]]
name = "wasm-bindgen-shared"
version = "0.2.79"
source = "registry+https://github.com/rust-lang/crates.io-index"
checksum = "3d958d035c4438e28c70e4321a2911302f10135ce78a9c7834c0cab4123d06a2"

[[package]]
name = "wasm-postflop"
version = "0.0.1"
dependencies = [
 "postflop-solver",
 "rayon",
 "wasm-bindgen",
 "wasm-bindgen-rayon",
]
